
Microsoft Visual Studio Solution File, Format Version 12.00
# Visual Studio Version 17
VisualStudioVersion = 17.9.34728.123
MinimumVisualStudioVersion = 10.0.40219.1
Project("{FAE04EC0-301F-11D3-BF4B-00C04F79EFBC}") = "HaveServer", "HaveServer.csproj", "{C267A65C-9639-43C2-8DA9-B4559FCBF20C}"
EndProject
Global
	GlobalSection(SolutionConfigurationPlatforms) = preSolution
		Debug|Any CPU = Debug|Any CPU
		Release|Any CPU = Release|Any CPU
	EndGlobalSection
	GlobalSection(ProjectConfigurationPlatforms) = postSolution
		{C267A65C-9639-43C2-8DA9-B4559FCBF20C}.Debug|Any CPU.ActiveCfg = Debug|Any CPU
		{C267A65C-9639-43C2-8DA9-B4559FCBF20C}.Debug|Any CPU.Build.0 = Debug|Any CPU
		{C267A65C-9639-43C2-8DA9-B4559FCBF20C}.Release|Any CPU.ActiveCfg = Release|Any CPU
		{C267A65C-9639-43C2-8DA9-B4559FCBF20C}.Release|Any CPU.Build.0 = Release|Any CPU
	EndGlobalSection
	GlobalSection(SolutionProperties) = preSolution
		HideSolutionNode = FALSE
	EndGlobalSection
	GlobalSection(ExtensibilityGlobals) = postSolution
		SolutionGuid = {E039BBD9-6075-4CD4-819D-EC4028590201}
	EndGlobalSection
EndGlobal
